
Microsoft Visual Studio Solution File, Format Version 12.00
# Visual Studio 14
VisualStudioVersion = 14.0.25420.1
MinimumVisualStudioVersion = 10.0.40219.1
Project("{FAE04EC0-301F-11D3-BF4B-00C04F79EFBC}") = "FactoryPattern", "FactoryPattern\FactoryPattern.csproj", "{96F9E3E4-9531-43DA-980A-0A9DB7119967}"
EndProject
Project("{2150E333-8FDC-42A3-9474-1A3956D46DE8}") = "CreationalPatttern", "CreationalPatttern", "{2694B0BC-902D-4757-83C0-D85469FFC44E}"
EndProject
Project("{2150E333-8FDC-42A3-9474-1A3956D46DE8}") = "StructuralPattern", "StructuralPattern", "{AED3CBCB-3D34-4343-9985-2098B3C0D093}"
EndProject
Project("{2150E333-8FDC-42A3-9474-1A3956D46DE8}") = "BehaviouralPattern", "BehaviouralPattern", "{CABAC03F-306F-4985-89A1-8EA1267873C5}"
EndProject
Project("{FAE04EC0-301F-11D3-BF4B-00C04F79EFBC}") = "AdaptorPattern", "AdaptorPattern\AdaptorPattern.csproj", "{8CBEAF49-4AE2-46C0-9977-F7208F64052A}"
EndProject
Project("{FAE04EC0-301F-11D3-BF4B-00C04F79EFBC}") = "BuilderPattern", "BuilderPattern\BuilderPattern.csproj", "{8F1E0658-6A40-4E0F-BE7A-FC1A0FBCB8AC}"
EndProject
Project("{FAE04EC0-301F-11D3-BF4B-00C04F79EFBC}") = "ChainofRespon", "ChainofRespon\ChainofRespon.csproj", "{CDE5DF8B-E66E-4877-BE13-455E71894CD0}"
EndProject
Project("{FAE04EC0-301F-11D3-BF4B-00C04F79EFBC}") = "BridgePattern", "BridgePattern\BridgePattern.csproj", "{DA9CFF98-CF81-4D2E-B940-7E0AE83AE7F3}"
EndProject
Project("{FAE04EC0-301F-11D3-BF4B-00C04F79EFBC}") = "StrategyPattern", "StrategyPattern\StrategyPattern.csproj", "{8FF31E01-AB74-4F7B-9CB3-F8665232E444}"
EndProject
Project("{FAE04EC0-301F-11D3-BF4B-00C04F79EFBC}") = "ObservorPattern", "ObservorPattern\ObservorPattern.csproj", "{9FB79EF2-78DD-4BBB-8804-B9E88709AD65}"
EndProject
Project("{FAE04EC0-301F-11D3-BF4B-00C04F79EFBC}") = "DecoratorPattern", "DecoratorPattern\DecoratorPattern.csproj", "{35FF4069-A064-47DC-B86B-B4744E962FAC}"
EndProject
Project("{2150E333-8FDC-42A3-9474-1A3956D46DE8}") = "SOLID", "SOLID", "{9E46FA09-D2C0-4133-B129-EBF785A86A56}"
EndProject
Project("{FAE04EC0-301F-11D3-BF4B-00C04F79EFBC}") = "DependencyInjection", "DependencyInjection\DependencyInjection.csproj", "{F019A489-A58D-4B58-A403-1C5A84C88FDF}"
EndProject
Global
	GlobalSection(SolutionConfigurationPlatforms) = preSolution
		Debug|Any CPU = Debug|Any CPU
		Debug|x86 = Debug|x86
		Release|Any CPU = Release|Any CPU
		Release|x86 = Release|x86
	EndGlobalSection
	GlobalSection(ProjectConfigurationPlatforms) = postSolution
		{96F9E3E4-9531-43DA-980A-0A9DB7119967}.Debug|Any CPU.ActiveCfg = Debug|x86
		{96F9E3E4-9531-43DA-980A-0A9DB7119967}.Debug|x86.ActiveCfg = Debug|x86
		{96F9E3E4-9531-43DA-980A-0A9DB7119967}.Release|Any CPU.ActiveCfg = Release|x86
		{96F9E3E4-9531-43DA-980A-0A9DB7119967}.Release|x86.ActiveCfg = Release|x86
		{96F9E3E4-9531-43DA-980A-0A9DB7119967}.Release|x86.Build.0 = Release|x86
		{8CBEAF49-4AE2-46C0-9977-F7208F64052A}.Debug|Any CPU.ActiveCfg = Debug|x86
		{8CBEAF49-4AE2-46C0-9977-F7208F64052A}.Debug|x86.ActiveCfg = Debug|x86
		{8CBEAF49-4AE2-46C0-9977-F7208F64052A}.Debug|x86.Build.0 = Debug|x86
		{8CBEAF49-4AE2-46C0-9977-F7208F64052A}.Release|Any CPU.ActiveCfg = Release|x86
		{8CBEAF49-4AE2-46C0-9977-F7208F64052A}.Release|x86.ActiveCfg = Release|x86
		{8CBEAF49-4AE2-46C0-9977-F7208F64052A}.Release|x86.Build.0 = Release|x86
		{8F1E0658-6A40-4E0F-BE7A-FC1A0FBCB8AC}.Debug|Any CPU.ActiveCfg = Debug|x86
		{8F1E0658-6A40-4E0F-BE7A-FC1A0FBCB8AC}.Debug|x86.ActiveCfg = Debug|x86
		{8F1E0658-6A40-4E0F-BE7A-FC1A0FBCB8AC}.Debug|x86.Build.0 = Debug|x86
		{8F1E0658-6A40-4E0F-BE7A-FC1A0FBCB8AC}.Release|Any CPU.ActiveCfg = Release|x86
		{8F1E0658-6A40-4E0F-BE7A-FC1A0FBCB8AC}.Release|x86.ActiveCfg = Release|x86
		{8F1E0658-6A40-4E0F-BE7A-FC1A0FBCB8AC}.Release|x86.Build.0 = Release|x86
		{CDE5DF8B-E66E-4877-BE13-455E71894CD0}.Debug|Any CPU.ActiveCfg = Debug|x86
		{CDE5DF8B-E66E-4877-BE13-455E71894CD0}.Debug|x86.ActiveCfg = Debug|x86
		{CDE5DF8B-E66E-4877-BE13-455E71894CD0}.Debug|x86.Build.0 = Debug|x86
		{CDE5DF8B-E66E-4877-BE13-455E71894CD0}.Release|Any CPU.ActiveCfg = Release|x86
		{CDE5DF8B-E66E-4877-BE13-455E71894CD0}.Release|x86.ActiveCfg = Release|x86
		{CDE5DF8B-E66E-4877-BE13-455E71894CD0}.Release|x86.Build.0 = Release|x86
		{DA9CFF98-CF81-4D2E-B940-7E0AE83AE7F3}.Debug|Any CPU.ActiveCfg = Debug|x86
		{DA9CFF98-CF81-4D2E-B940-7E0AE83AE7F3}.Debug|x86.ActiveCfg = Debug|x86
		{DA9CFF98-CF81-4D2E-B940-7E0AE83AE7F3}.Debug|x86.Build.0 = Debug|x86
		{DA9CFF98-CF81-4D2E-B940-7E0AE83AE7F3}.Release|Any CPU.ActiveCfg = Release|x86
		{DA9CFF98-CF81-4D2E-B940-7E0AE83AE7F3}.Release|x86.ActiveCfg = Release|x86
		{DA9CFF98-CF81-4D2E-B940-7E0AE83AE7F3}.Release|x86.Build.0 = Release|x86
		{8FF31E01-AB74-4F7B-9CB3-F8665232E444}.Debug|Any CPU.ActiveCfg = Debug|x86
		{8FF31E01-AB74-4F7B-9CB3-F8665232E444}.Debug|x86.ActiveCfg = Debug|x86
		{8FF31E01-AB74-4F7B-9CB3-F8665232E444}.Debug|x86.Build.0 = Debug|x86
		{8FF31E01-AB74-4F7B-9CB3-F8665232E444}.Release|Any CPU.ActiveCfg = Release|x86
		{8FF31E01-AB74-4F7B-9CB3-F8665232E444}.Release|x86.ActiveCfg = Release|x86
		{8FF31E01-AB74-4F7B-9CB3-F8665232E444}.Release|x86.Build.0 = Release|x86
		{9FB79EF2-78DD-4BBB-8804-B9E88709AD65}.Debug|Any CPU.ActiveCfg = Debug|x86
		{9FB79EF2-78DD-4BBB-8804-B9E88709AD65}.Debug|x86.ActiveCfg = Debug|x86
		{9FB79EF2-78DD-4BBB-8804-B9E88709AD65}.Debug|x86.Build.0 = Debug|x86
		{9FB79EF2-78DD-4BBB-8804-B9E88709AD65}.Release|Any CPU.ActiveCfg = Release|x86
		{9FB79EF2-78DD-4BBB-8804-B9E88709AD65}.Release|x86.ActiveCfg = Release|x86
		{9FB79EF2-78DD-4BBB-8804-B9E88709AD65}.Release|x86.Build.0 = Release|x86
		{35FF4069-A064-47DC-B86B-B4744E962FAC}.Debug|Any CPU.ActiveCfg = Debug|x86
		{35FF4069-A064-47DC-B86B-B4744E962FAC}.Debug|x86.ActiveCfg = Debug|x86
		{35FF4069-A064-47DC-B86B-B4744E962FAC}.Debug|x86.Build.0 = Debug|x86
		{35FF4069-A064-47DC-B86B-B4744E962FAC}.Release|Any CPU.ActiveCfg = Release|x86
		{35FF4069-A064-47DC-B86B-B4744E962FAC}.Release|x86.ActiveCfg = Release|x86
		{35FF4069-A064-47DC-B86B-B4744E962FAC}.Release|x86.Build.0 = Release|x86
		{F019A489-A58D-4B58-A403-1C5A84C88FDF}.Debug|Any CPU.ActiveCfg = Debug|Any CPU
		{F019A489-A58D-4B58-A403-1C5A84C88FDF}.Debug|Any CPU.Build.0 = Debug|Any CPU
		{F019A489-A58D-4B58-A403-1C5A84C88FDF}.Debug|x86.ActiveCfg = Debug|Any CPU
		{F019A489-A58D-4B58-A403-1C5A84C88FDF}.Debug|x86.Build.0 = Debug|Any CPU
		{F019A489-A58D-4B58-A403-1C5A84C88FDF}.Release|Any CPU.ActiveCfg = Release|Any CPU
		{F019A489-A58D-4B58-A403-1C5A84C88FDF}.Release|Any CPU.Build.0 = Release|Any CPU
		{F019A489-A58D-4B58-A403-1C5A84C88FDF}.Release|x86.ActiveCfg = Release|Any CPU
		{F019A489-A58D-4B58-A403-1C5A84C88FDF}.Release|x86.Build.0 = Release|Any CPU
	EndGlobalSection
	GlobalSection(SolutionProperties) = preSolution
		HideSolutionNode = FALSE
	EndGlobalSection
	GlobalSection(NestedProjects) = preSolution
		{96F9E3E4-9531-43DA-980A-0A9DB7119967} = {2694B0BC-902D-4757-83C0-D85469FFC44E}
		{8CBEAF49-4AE2-46C0-9977-F7208F64052A} = {AED3CBCB-3D34-4343-9985-2098B3C0D093}
		{8F1E0658-6A40-4E0F-BE7A-FC1A0FBCB8AC} = {2694B0BC-902D-4757-83C0-D85469FFC44E}
		{CDE5DF8B-E66E-4877-BE13-455E71894CD0} = {CABAC03F-306F-4985-89A1-8EA1267873C5}
		{DA9CFF98-CF81-4D2E-B940-7E0AE83AE7F3} = {AED3CBCB-3D34-4343-9985-2098B3C0D093}
		{8FF31E01-AB74-4F7B-9CB3-F8665232E444} = {CABAC03F-306F-4985-89A1-8EA1267873C5}
		{9FB79EF2-78DD-4BBB-8804-B9E88709AD65} = {CABAC03F-306F-4985-89A1-8EA1267873C5}
		{35FF4069-A064-47DC-B86B-B4744E962FAC} = {AED3CBCB-3D34-4343-9985-2098B3C0D093}
		{F019A489-A58D-4B58-A403-1C5A84C88FDF} = {9E46FA09-D2C0-4133-B129-EBF785A86A56}
	EndGlobalSection
EndGlobal
