
Microsoft Visual Studio Solution File, Format Version 11.00
# Visual Studio 2010
Project("{FAE04EC0-301F-11D3-BF4B-00C04F79EFBC}") = "MVVMExample", "MVVMExample\MVVMExample.csproj", "{C2856F01-9F87-4BBE-97B2-852DE80D070A}"
EndProject
Project("{2150E333-8FDC-42A3-9474-1A3956D46DE8}") = "Solution Items", "Solution Items", "{985E1F1F-A1CB-47AC-BE30-A8A83ACF64A9}"
	ProjectSection(SolutionItems) = preProject
		Contents.txt = Contents.txt
	EndProjectSection
EndProject
Global
	GlobalSection(SolutionConfigurationPlatforms) = preSolution
		Debug|x86 = Debug|x86
		Release|x86 = Release|x86
	EndGlobalSection
	GlobalSection(ProjectConfigurationPlatforms) = postSolution
		{C2856F01-9F87-4BBE-97B2-852DE80D070A}.Debug|x86.ActiveCfg = Debug|x86
		{C2856F01-9F87-4BBE-97B2-852DE80D070A}.Debug|x86.Build.0 = Debug|x86
		{C2856F01-9F87-4BBE-97B2-852DE80D070A}.Release|x86.ActiveCfg = Release|x86
		{C2856F01-9F87-4BBE-97B2-852DE80D070A}.Release|x86.Build.0 = Release|x86
	EndGlobalSection
	GlobalSection(SolutionProperties) = preSolution
		HideSolutionNode = FALSE
	EndGlobalSection
EndGlobal
