
Microsoft Visual Studio Solution File, Format Version 12.00
# Visual Studio 14
VisualStudioVersion = 14.0.24720.0
MinimumVisualStudioVersion = 10.0.40219.1
Project("{FAE04EC0-301F-11D3-BF4B-00C04F79EFBC}") = "EmployeeRegistrationApp", "EmployeeRegistrationApp\EmployeeRegistrationApp.csproj", "{99C9E82C-C594-446D-AA59-8FFBC43AD226}"
EndProject
Project("{2150E333-8FDC-42A3-9474-1A3956D46DE8}") = "Modules", "Modules", "{FC4FBCC4-5048-4304-BD61-6BB29D57AC8C}"
EndProject
Project("{FAE04EC0-301F-11D3-BF4B-00C04F79EFBC}") = "EmpRegistration", "EmpRegistration\EmpRegistration.csproj", "{AB8B448C-DD74-4D60-A041-3E5D03A32180}"
EndProject
Project("{FAE04EC0-301F-11D3-BF4B-00C04F79EFBC}") = "EmpView", "EmpView\EmpView.csproj", "{9F9DD3C0-B17C-4911-A1BF-EBA02FAB9169}"
EndProject
Project("{FAE04EC0-301F-11D3-BF4B-00C04F79EFBC}") = "Employee.Infrastructure", "Employee.Infrastructure\Employee.Infrastructure.csproj", "{0CA75F0F-6A7A-42BF-8D2E-70B0D6EE1B24}"
EndProject
Project("{2150E333-8FDC-42A3-9474-1A3956D46DE8}") = "DAL", "DAL", "{E68BC640-E6BF-420F-88DE-007EF25D59C6}"
EndProject
Project("{FAE04EC0-301F-11D3-BF4B-00C04F79EFBC}") = "InterfaceDAL", "InterfaceDAL\InterfaceDAL.csproj", "{0CBA8388-8A1F-43CF-A373-F76487764162}"
EndProject
Project("{FAE04EC0-301F-11D3-BF4B-00C04F79EFBC}") = "AdoDotnetDAL", "AdoDotnetDAL\AdoDotnetDAL.csproj", "{5DB85496-A980-47F6-8D38-580F06D39171}"
EndProject
Project("{FAE04EC0-301F-11D3-BF4B-00C04F79EFBC}") = "CommonDAL", "CommonDAL\CommonDAL.csproj", "{C0DAAB66-FD0B-4ED1-A34F-3908A51962E4}"
EndProject
Project("{FAE04EC0-301F-11D3-BF4B-00C04F79EFBC}") = "FactoryDAL", "FactoryDAL\FactoryDAL.csproj", "{047E2278-EE8F-4CC8-808D-A5E0D35C72B4}"
EndProject
Project("{2150E333-8FDC-42A3-9474-1A3956D46DE8}") = "Shell", "Shell", "{7C437270-7CEC-4C9C-8F7C-FA0AAF74EA45}"
EndProject
Project("{2150E333-8FDC-42A3-9474-1A3956D46DE8}") = "Support", "Support", "{8311736F-6686-4C91-9094-A0BBDFA5FA01}"
EndProject
Global
	GlobalSection(SolutionConfigurationPlatforms) = preSolution
		Debug|Any CPU = Debug|Any CPU
		Release|Any CPU = Release|Any CPU
	EndGlobalSection
	GlobalSection(ProjectConfigurationPlatforms) = postSolution
		{99C9E82C-C594-446D-AA59-8FFBC43AD226}.Debug|Any CPU.ActiveCfg = Debug|Any CPU
		{99C9E82C-C594-446D-AA59-8FFBC43AD226}.Debug|Any CPU.Build.0 = Debug|Any CPU
		{99C9E82C-C594-446D-AA59-8FFBC43AD226}.Release|Any CPU.ActiveCfg = Release|Any CPU
		{99C9E82C-C594-446D-AA59-8FFBC43AD226}.Release|Any CPU.Build.0 = Release|Any CPU
		{AB8B448C-DD74-4D60-A041-3E5D03A32180}.Debug|Any CPU.ActiveCfg = Debug|Any CPU
		{AB8B448C-DD74-4D60-A041-3E5D03A32180}.Debug|Any CPU.Build.0 = Debug|Any CPU
		{AB8B448C-DD74-4D60-A041-3E5D03A32180}.Release|Any CPU.ActiveCfg = Release|Any CPU
		{AB8B448C-DD74-4D60-A041-3E5D03A32180}.Release|Any CPU.Build.0 = Release|Any CPU
		{9F9DD3C0-B17C-4911-A1BF-EBA02FAB9169}.Debug|Any CPU.ActiveCfg = Debug|Any CPU
		{9F9DD3C0-B17C-4911-A1BF-EBA02FAB9169}.Debug|Any CPU.Build.0 = Debug|Any CPU
		{9F9DD3C0-B17C-4911-A1BF-EBA02FAB9169}.Release|Any CPU.ActiveCfg = Release|Any CPU
		{9F9DD3C0-B17C-4911-A1BF-EBA02FAB9169}.Release|Any CPU.Build.0 = Release|Any CPU
		{0CA75F0F-6A7A-42BF-8D2E-70B0D6EE1B24}.Debug|Any CPU.ActiveCfg = Debug|Any CPU
		{0CA75F0F-6A7A-42BF-8D2E-70B0D6EE1B24}.Debug|Any CPU.Build.0 = Debug|Any CPU
		{0CA75F0F-6A7A-42BF-8D2E-70B0D6EE1B24}.Release|Any CPU.ActiveCfg = Release|Any CPU
		{0CA75F0F-6A7A-42BF-8D2E-70B0D6EE1B24}.Release|Any CPU.Build.0 = Release|Any CPU
		{0CBA8388-8A1F-43CF-A373-F76487764162}.Debug|Any CPU.ActiveCfg = Debug|Any CPU
		{0CBA8388-8A1F-43CF-A373-F76487764162}.Debug|Any CPU.Build.0 = Debug|Any CPU
		{0CBA8388-8A1F-43CF-A373-F76487764162}.Release|Any CPU.ActiveCfg = Release|Any CPU
		{0CBA8388-8A1F-43CF-A373-F76487764162}.Release|Any CPU.Build.0 = Release|Any CPU
		{5DB85496-A980-47F6-8D38-580F06D39171}.Debug|Any CPU.ActiveCfg = Debug|Any CPU
		{5DB85496-A980-47F6-8D38-580F06D39171}.Debug|Any CPU.Build.0 = Debug|Any CPU
		{5DB85496-A980-47F6-8D38-580F06D39171}.Release|Any CPU.ActiveCfg = Release|Any CPU
		{5DB85496-A980-47F6-8D38-580F06D39171}.Release|Any CPU.Build.0 = Release|Any CPU
		{C0DAAB66-FD0B-4ED1-A34F-3908A51962E4}.Debug|Any CPU.ActiveCfg = Debug|Any CPU
		{C0DAAB66-FD0B-4ED1-A34F-3908A51962E4}.Debug|Any CPU.Build.0 = Debug|Any CPU
		{C0DAAB66-FD0B-4ED1-A34F-3908A51962E4}.Release|Any CPU.ActiveCfg = Release|Any CPU
		{C0DAAB66-FD0B-4ED1-A34F-3908A51962E4}.Release|Any CPU.Build.0 = Release|Any CPU
		{047E2278-EE8F-4CC8-808D-A5E0D35C72B4}.Debug|Any CPU.ActiveCfg = Debug|Any CPU
		{047E2278-EE8F-4CC8-808D-A5E0D35C72B4}.Debug|Any CPU.Build.0 = Debug|Any CPU
		{047E2278-EE8F-4CC8-808D-A5E0D35C72B4}.Release|Any CPU.ActiveCfg = Release|Any CPU
		{047E2278-EE8F-4CC8-808D-A5E0D35C72B4}.Release|Any CPU.Build.0 = Release|Any CPU
	EndGlobalSection
	GlobalSection(SolutionProperties) = preSolution
		HideSolutionNode = FALSE
	EndGlobalSection
	GlobalSection(NestedProjects) = preSolution
		{99C9E82C-C594-446D-AA59-8FFBC43AD226} = {7C437270-7CEC-4C9C-8F7C-FA0AAF74EA45}
		{AB8B448C-DD74-4D60-A041-3E5D03A32180} = {FC4FBCC4-5048-4304-BD61-6BB29D57AC8C}
		{9F9DD3C0-B17C-4911-A1BF-EBA02FAB9169} = {FC4FBCC4-5048-4304-BD61-6BB29D57AC8C}
		{0CA75F0F-6A7A-42BF-8D2E-70B0D6EE1B24} = {8311736F-6686-4C91-9094-A0BBDFA5FA01}
		{0CBA8388-8A1F-43CF-A373-F76487764162} = {E68BC640-E6BF-420F-88DE-007EF25D59C6}
		{5DB85496-A980-47F6-8D38-580F06D39171} = {E68BC640-E6BF-420F-88DE-007EF25D59C6}
		{C0DAAB66-FD0B-4ED1-A34F-3908A51962E4} = {E68BC640-E6BF-420F-88DE-007EF25D59C6}
		{047E2278-EE8F-4CC8-808D-A5E0D35C72B4} = {E68BC640-E6BF-420F-88DE-007EF25D59C6}
	EndGlobalSection
EndGlobal
